
Microsoft Visual Studio Solution File, Format Version 12.00
# Visual Studio Version 16
VisualStudioVersion = 16.0.29613.14
MinimumVisualStudioVersion = 10.0.40219.1
Project("{FAE04EC0-301F-11D3-BF4B-00C04F79EFBC}") = "TraverseApi", "TraverseAPI\TraverseApi.csproj", "{FD8695CF-7098-4328-825C-DC58891D73C9}"
EndProject
Project("{FAE04EC0-301F-11D3-BF4B-00C04F79EFBC}") = "OSI.TraverseApi.Business", "OSI.TraverseAPI.Business\OSI.TraverseApi.Business.csproj", "{95DD000F-C3F6-4C34-9C7D-EA7A0938735D}"
EndProject
Project("{FAE04EC0-301F-11D3-BF4B-00C04F79EFBC}") = "OSI.TraverseApi.Data", "OSI.TraverseAPI.Data\OSI.TraverseApi.Data.csproj", "{C541EADA-92C1-4B3A-BF54-AF43243A35C7}"
EndProject
Project("{2150E333-8FDC-42A3-9474-1A3956D46DE8}") = "Server", "Server", "{63AD368D-564B-4EE0-824A-99BA1B8E22BE}"
	ProjectSection(SolutionItems) = preProject
		Server\PackageInformation.xml = Server\PackageInformation.xml
	EndProjectSection
EndProject
Project("{2150E333-8FDC-42A3-9474-1A3956D46DE8}") = "Sys", "Sys", "{B5B55C23-0C69-468F-96BE-D99CD0E0A815}"
EndProject
Project("{2150E333-8FDC-42A3-9474-1A3956D46DE8}") = "PostProcess", "PostProcess", "{0A759EB9-B36F-465E-9B88-32D1D2E269B5}"
	ProjectSection(SolutionItems) = preProject
		Server\Sys\PostProcess\ApiInfo.sql = Server\Sys\PostProcess\ApiInfo.sql
		Server\Sys\PostProcess\ApiUser.sql = Server\Sys\PostProcess\ApiUser.sql
		Server\Sys\PostProcess\ApiUserFunction.sql = Server\Sys\PostProcess\ApiUserFunction.sql
		Server\Sys\PostProcess\ApiUserFunctionAccess.sql = Server\Sys\PostProcess\ApiUserFunctionAccess.sql
		Server\Sys\PostProcess\ApiUserFunctionComp.sql = Server\Sys\PostProcess\ApiUserFunctionComp.sql
		Server\Sys\PostProcess\ApiUserFunctionSchema.sql = Server\Sys\PostProcess\ApiUserFunctionSchema.sql
		Server\Sys\PostProcess\ApiUserToken.sql = Server\Sys\PostProcess\ApiUserToken.sql
	EndProjectSection
EndProject
Project("{FAE04EC0-301F-11D3-BF4B-00C04F79EFBC}") = "OSI.TraverseApi.Global.Client", "OSI.TraverseApi.Global.Client\OSI.TraverseApi.Global.Client.csproj", "{FC51D772-9B82-42DB-9324-EC58AFFBD323}"
EndProject
Project("{2150E333-8FDC-42A3-9474-1A3956D46DE8}") = "Tables", "Tables", "{7D89D04B-28C9-4D0F-A2D6-BFEBFA31920D}"
	ProjectSection(SolutionItems) = preProject
		Server\Sys\Tables\tblSmMenu.sql = Server\Sys\Tables\tblSmMenu.sql
		Server\Sys\Tables\tblSmMenuDescr.sql = Server\Sys\Tables\tblSmMenuDescr.sql
		Server\Sys\Tables\tblSysLookup.sql = Server\Sys\Tables\tblSysLookup.sql
		Server\Sys\Tables\tblSysPrintHeader.sql = Server\Sys\Tables\tblSysPrintHeader.sql
	EndProjectSection
EndProject
Project("{FAE04EC0-301F-11D3-BF4B-00C04F79EFBC}") = "TraverseApi.Installer", "TraverseApi.Installer\TraverseApi.Installer.csproj", "{229C72D2-4319-4F61-98EB-13EC79B707B5}"
EndProject
Global
	GlobalSection(SolutionConfigurationPlatforms) = preSolution
		Debug|Any CPU = Debug|Any CPU
		Debug|x64 = Debug|x64
		Release|Any CPU = Release|Any CPU
		Release|x64 = Release|x64
	EndGlobalSection
	GlobalSection(ProjectConfigurationPlatforms) = postSolution
		{FD8695CF-7098-4328-825C-DC58891D73C9}.Debug|Any CPU.ActiveCfg = Debug|Any CPU
		{FD8695CF-7098-4328-825C-DC58891D73C9}.Debug|Any CPU.Build.0 = Debug|Any CPU
		{FD8695CF-7098-4328-825C-DC58891D73C9}.Debug|x64.ActiveCfg = Debug|x64
		{FD8695CF-7098-4328-825C-DC58891D73C9}.Debug|x64.Build.0 = Debug|x64
		{FD8695CF-7098-4328-825C-DC58891D73C9}.Release|Any CPU.ActiveCfg = Release|Any CPU
		{FD8695CF-7098-4328-825C-DC58891D73C9}.Release|Any CPU.Build.0 = Release|Any CPU
		{FD8695CF-7098-4328-825C-DC58891D73C9}.Release|x64.ActiveCfg = Release|x64
		{FD8695CF-7098-4328-825C-DC58891D73C9}.Release|x64.Build.0 = Release|x64
		{95DD000F-C3F6-4C34-9C7D-EA7A0938735D}.Debug|Any CPU.ActiveCfg = Debug|Any CPU
		{95DD000F-C3F6-4C34-9C7D-EA7A0938735D}.Debug|Any CPU.Build.0 = Debug|Any CPU
		{95DD000F-C3F6-4C34-9C7D-EA7A0938735D}.Debug|x64.ActiveCfg = Debug|x64
		{95DD000F-C3F6-4C34-9C7D-EA7A0938735D}.Debug|x64.Build.0 = Debug|x64
		{95DD000F-C3F6-4C34-9C7D-EA7A0938735D}.Release|Any CPU.ActiveCfg = Release|Any CPU
		{95DD000F-C3F6-4C34-9C7D-EA7A0938735D}.Release|Any CPU.Build.0 = Release|Any CPU
		{95DD000F-C3F6-4C34-9C7D-EA7A0938735D}.Release|x64.ActiveCfg = Release|x64
		{95DD000F-C3F6-4C34-9C7D-EA7A0938735D}.Release|x64.Build.0 = Release|x64
		{C541EADA-92C1-4B3A-BF54-AF43243A35C7}.Debug|Any CPU.ActiveCfg = Debug|Any CPU
		{C541EADA-92C1-4B3A-BF54-AF43243A35C7}.Debug|Any CPU.Build.0 = Debug|Any CPU
		{C541EADA-92C1-4B3A-BF54-AF43243A35C7}.Debug|x64.ActiveCfg = Debug|x64
		{C541EADA-92C1-4B3A-BF54-AF43243A35C7}.Debug|x64.Build.0 = Debug|x64
		{C541EADA-92C1-4B3A-BF54-AF43243A35C7}.Release|Any CPU.ActiveCfg = Release|Any CPU
		{C541EADA-92C1-4B3A-BF54-AF43243A35C7}.Release|Any CPU.Build.0 = Release|Any CPU
		{C541EADA-92C1-4B3A-BF54-AF43243A35C7}.Release|x64.ActiveCfg = Release|x64
		{C541EADA-92C1-4B3A-BF54-AF43243A35C7}.Release|x64.Build.0 = Release|x64
		{FC51D772-9B82-42DB-9324-EC58AFFBD323}.Debug|Any CPU.ActiveCfg = Debug|Any CPU
		{FC51D772-9B82-42DB-9324-EC58AFFBD323}.Debug|Any CPU.Build.0 = Debug|Any CPU
		{FC51D772-9B82-42DB-9324-EC58AFFBD323}.Debug|x64.ActiveCfg = Debug|x64
		{FC51D772-9B82-42DB-9324-EC58AFFBD323}.Debug|x64.Build.0 = Debug|x64
		{FC51D772-9B82-42DB-9324-EC58AFFBD323}.Release|Any CPU.ActiveCfg = Release|Any CPU
		{FC51D772-9B82-42DB-9324-EC58AFFBD323}.Release|Any CPU.Build.0 = Release|Any CPU
		{FC51D772-9B82-42DB-9324-EC58AFFBD323}.Release|x64.ActiveCfg = Release|x64
		{FC51D772-9B82-42DB-9324-EC58AFFBD323}.Release|x64.Build.0 = Release|x64
		{229C72D2-4319-4F61-98EB-13EC79B707B5}.Debug|Any CPU.ActiveCfg = Debug|Any CPU
		{229C72D2-4319-4F61-98EB-13EC79B707B5}.Debug|Any CPU.Build.0 = Debug|Any CPU
		{229C72D2-4319-4F61-98EB-13EC79B707B5}.Debug|x64.ActiveCfg = Debug|x64
		{229C72D2-4319-4F61-98EB-13EC79B707B5}.Debug|x64.Build.0 = Debug|x64
		{229C72D2-4319-4F61-98EB-13EC79B707B5}.Release|Any CPU.ActiveCfg = Release|Any CPU
		{229C72D2-4319-4F61-98EB-13EC79B707B5}.Release|Any CPU.Build.0 = Release|Any CPU
		{229C72D2-4319-4F61-98EB-13EC79B707B5}.Release|x64.ActiveCfg = Release|x64
		{229C72D2-4319-4F61-98EB-13EC79B707B5}.Release|x64.Build.0 = Release|x64
	EndGlobalSection
	GlobalSection(SolutionProperties) = preSolution
		HideSolutionNode = FALSE
	EndGlobalSection
	GlobalSection(NestedProjects) = preSolution
		{B5B55C23-0C69-468F-96BE-D99CD0E0A815} = {63AD368D-564B-4EE0-824A-99BA1B8E22BE}
		{0A759EB9-B36F-465E-9B88-32D1D2E269B5} = {B5B55C23-0C69-468F-96BE-D99CD0E0A815}
		{7D89D04B-28C9-4D0F-A2D6-BFEBFA31920D} = {B5B55C23-0C69-468F-96BE-D99CD0E0A815}
	EndGlobalSection
	GlobalSection(ExtensibilityGlobals) = postSolution
		SolutionGuid = {0B542AA9-017A-421D-A8E4-79A8CE2831C0}
	EndGlobalSection
	GlobalSection(TeamFoundationVersionControl) = preSolution
		SccNumberOfProjects = 6
		SccEnterpriseProvider = {4CA58AB2-18FA-4F8D-95D4-32DDF27D184C}
		SccTeamFoundationServer = http://vmvertical:8080/tfs/verticals
		SccLocalPath0 = .
		SccProjectUniqueName1 = OSI.TraverseAPI.Business\\OSI.TraverseApi.Business.csproj
		SccProjectName1 = OSI.TraverseAPI.Business
		SccLocalPath1 = OSI.TraverseAPI.Business
		SccProjectUniqueName2 = OSI.TraverseAPI.Data\\OSI.TraverseApi.Data.csproj
		SccProjectName2 = OSI.TraverseAPI.Data
		SccLocalPath2 = OSI.TraverseAPI.Data
		SccProjectUniqueName3 = TraverseAPI\\TraverseApi.csproj
		SccProjectName3 = TraverseAPI
		SccLocalPath3 = TraverseAPI
		SccProjectUniqueName4 = OSI.TraverseApi.Global.Client\\OSI.TraverseApi.Global.Client.csproj
		SccProjectName4 = OSI.TraverseApi.Global.Client
		SccLocalPath4 = OSI.TraverseApi.Global.Client
		SccProjectUniqueName5 = TraverseApi.Installer\\TraverseApi.Installer.csproj
		SccProjectName5 = TraverseApi.Installer
		SccLocalPath5 = TraverseApi.Installer
	EndGlobalSection
EndGlobal
