
Microsoft Visual Studio Solution File, Format Version 12.00
# Visual Studio Version 16
VisualStudioVersion = 16.0.29613.14
MinimumVisualStudioVersion = 10.0.40219.1
Project("{FAE04EC0-301F-11D3-BF4B-00C04F79EFBC}") = "TraverseApi", "TraverseAPI\TraverseApi.csproj", "{FD8695CF-7098-4328-825C-DC58891D73C9}"
EndProject
Project("{FAE04EC0-301F-11D3-BF4B-00C04F79EFBC}") = "OSI.TraverseApi.Business", "OSI.TraverseAPI.Business\OSI.TraverseApi.Business.csproj", "{95DD000F-C3F6-4C34-9C7D-EA7A0938735D}"
EndProject
Project("{FAE04EC0-301F-11D3-BF4B-00C04F79EFBC}") = "OSI.TraverseApi.Data", "OSI.TraverseAPI.Data\OSI.TraverseApi.Data.csproj", "{C541EADA-92C1-4B3A-BF54-AF43243A35C7}"
EndProject
Project("{FAE04EC0-301F-11D3-BF4B-00C04F79EFBC}") = "OSI.TraverseApi.Global.Client", "OSI.TraverseApi.Global.Client\OSI.TraverseApi.Global.Client.csproj", "{FC51D772-9B82-42DB-9324-EC58AFFBD323}"
EndProject
Project("{FAE04EC0-301F-11D3-BF4B-00C04F79EFBC}") = "TraverseApi.Installer", "TraverseApi.Installer\TraverseApi.Installer.csproj", "{229C72D2-4319-4F61-98EB-13EC79B707B5}"
EndProject
Global
	GlobalSection(SolutionConfigurationPlatforms) = preSolution
		Debug|Any CPU = Debug|Any CPU
		Debug|x64 = Debug|x64
		Release|Any CPU = Release|Any CPU
		Release|x64 = Release|x64
	EndGlobalSection
	GlobalSection(ProjectConfigurationPlatforms) = postSolution
		{FD8695CF-7098-4328-825C-DC58891D73C9}.Debug|Any CPU.ActiveCfg = Debug|Any CPU
		{FD8695CF-7098-4328-825C-DC58891D73C9}.Debug|Any CPU.Build.0 = Debug|Any CPU
		{FD8695CF-7098-4328-825C-DC58891D73C9}.Debug|x64.ActiveCfg = Debug|x64
		{FD8695CF-7098-4328-825C-DC58891D73C9}.Debug|x64.Build.0 = Debug|x64
		{FD8695CF-7098-4328-825C-DC58891D73C9}.Release|Any CPU.ActiveCfg = Release|Any CPU
		{FD8695CF-7098-4328-825C-DC58891D73C9}.Release|Any CPU.Build.0 = Release|Any CPU
		{FD8695CF-7098-4328-825C-DC58891D73C9}.Release|x64.ActiveCfg = Release|x64
		{FD8695CF-7098-4328-825C-DC58891D73C9}.Release|x64.Build.0 = Release|x64
		{95DD000F-C3F6-4C34-9C7D-EA7A0938735D}.Debug|Any CPU.ActiveCfg = Debug|Any CPU
		{95DD000F-C3F6-4C34-9C7D-EA7A0938735D}.Debug|x64.ActiveCfg = Debug|x64
		{95DD000F-C3F6-4C34-9C7D-EA7A0938735D}.Debug|x64.Build.0 = Debug|x64
		{95DD000F-C3F6-4C34-9C7D-EA7A0938735D}.Release|Any CPU.ActiveCfg = Release|Any CPU
		{95DD000F-C3F6-4C34-9C7D-EA7A0938735D}.Release|x64.ActiveCfg = Release|x64
		{95DD000F-C3F6-4C34-9C7D-EA7A0938735D}.Release|x64.Build.0 = Release|x64
		{C541EADA-92C1-4B3A-BF54-AF43243A35C7}.Debug|Any CPU.ActiveCfg = Debug|Any CPU
		{C541EADA-92C1-4B3A-BF54-AF43243A35C7}.Debug|x64.ActiveCfg = Debug|x64
		{C541EADA-92C1-4B3A-BF54-AF43243A35C7}.Debug|x64.Build.0 = Debug|x64
		{C541EADA-92C1-4B3A-BF54-AF43243A35C7}.Release|Any CPU.ActiveCfg = Release|Any CPU
		{C541EADA-92C1-4B3A-BF54-AF43243A35C7}.Release|x64.ActiveCfg = Release|x64
		{C541EADA-92C1-4B3A-BF54-AF43243A35C7}.Release|x64.Build.0 = Release|x64
		{FC51D772-9B82-42DB-9324-EC58AFFBD323}.Debug|Any CPU.ActiveCfg = Debug|Any CPU
		{FC51D772-9B82-42DB-9324-EC58AFFBD323}.Debug|x64.ActiveCfg = Debug|x64
		{FC51D772-9B82-42DB-9324-EC58AFFBD323}.Debug|x64.Build.0 = Debug|x64
		{FC51D772-9B82-42DB-9324-EC58AFFBD323}.Release|Any CPU.ActiveCfg = Release|Any CPU
		{FC51D772-9B82-42DB-9324-EC58AFFBD323}.Release|x64.ActiveCfg = Release|x64
		{FC51D772-9B82-42DB-9324-EC58AFFBD323}.Release|x64.Build.0 = Release|x64
		{229C72D2-4319-4F61-98EB-13EC79B707B5}.Debug|Any CPU.ActiveCfg = Debug|Any CPU
		{229C72D2-4319-4F61-98EB-13EC79B707B5}.Debug|Any CPU.Build.0 = Debug|Any CPU
		{229C72D2-4319-4F61-98EB-13EC79B707B5}.Debug|x64.ActiveCfg = Debug|x64
		{229C72D2-4319-4F61-98EB-13EC79B707B5}.Debug|x64.Build.0 = Debug|x64
		{229C72D2-4319-4F61-98EB-13EC79B707B5}.Release|Any CPU.ActiveCfg = Release|Any CPU
		{229C72D2-4319-4F61-98EB-13EC79B707B5}.Release|Any CPU.Build.0 = Release|Any CPU
		{229C72D2-4319-4F61-98EB-13EC79B707B5}.Release|x64.ActiveCfg = Release|x64
		{229C72D2-4319-4F61-98EB-13EC79B707B5}.Release|x64.Build.0 = Release|x64
	EndGlobalSection
	GlobalSection(SolutionProperties) = preSolution
		HideSolutionNode = FALSE
	EndGlobalSection
	GlobalSection(ExtensibilityGlobals) = postSolution
		SolutionGuid = {0B542AA9-017A-421D-A8E4-79A8CE2831C0}
	EndGlobalSection
EndGlobal
